{
  "name": "web-05",
  "version": "1.0.0",
  "lockfileVersion": 1,
  "requires": true,
  "dependencies": {
    "uikit": {
      "version": "3.6.16",
      "resolved": "https://registry.npm.taobao.org/uikit/download/uikit-3.6.16.tgz",
      "integrity": "sha1-eIRzMja6PjElfPoKAbSyZ3VmXZA="
    }
  }
}
